
Microsoft Visual Studio Solution File, Format Version 12.00
Project("{2150E333-8FDC-42A3-9474-1A3956D46DE8}") = "src", "src", "{827E0CD3-B72D-47B6-A68D-7590B98EB39B}"
EndProject
Project("{FAE04EC0-301F-11D3-BF4B-00C04F79EFBC}") = "App.Ui", "src\App.Ui\App.Ui.csproj", "{5BA23481-1056-4807-B048-5BF09EDDC1E3}"
EndProject
Project("{FAE04EC0-301F-11D3-BF4B-00C04F79EFBC}") = "App.Api", "src\App.Api\App.Api.csproj", "{A2B7B28D-4024-4F1E-872D-6CE20DE87470}"
EndProject
Project("{FAE04EC0-301F-11D3-BF4B-00C04F79EFBC}") = "App.Contracts", "src\App.Contracts\App.Contracts.csproj", "{61CB50A4-337F-4998-BB87-91F308A92475}"
EndProject
Project("{FAE04EC0-301F-11D3-BF4B-00C04F79EFBC}") = "App.Abstractions", "src\App.Abstractions\App.Abstractions.csproj", "{773E5E85-CA09-4408-AF26-ED9C3344F9B3}"
EndProject
Project("{FAE04EC0-301F-11D3-BF4B-00C04F79EFBC}") = "App.Validation", "src\App.Validation\App.Validation.csproj", "{2C1950E2-2D15-4C24-87C8-573BA7725332}"
EndProject
Project("{FAE04EC0-301F-11D3-BF4B-00C04F79EFBC}") = "App.Integrations", "src\App.Integrations\App.Integrations.csproj", "{C97096B8-9965-48CB-99DA-AAD9215FB1B2}"
EndProject
Project("{2150E333-8FDC-42A3-9474-1A3956D46DE8}") = "tests", "tests", "{0AB3BF05-4346-4AA6-1389-037BE0695223}"
EndProject
Project("{FAE04EC0-301F-11D3-BF4B-00C04F79EFBC}") = "App.Validation.Tests", "tests\App.Validation.Tests\App.Validation.Tests.csproj", "{5FD92EB9-665F-4155-9FE0-6FD3ADFBD121}"
EndProject
Project("{FAE04EC0-301F-11D3-BF4B-00C04F79EFBC}") = "App.Api.Tests", "tests\App.Api.Tests\App.Api.Tests.csproj", "{53B3753D-F3CD-4B7D-B49E-CCD1ECB1D932}"
EndProject
Global
	GlobalSection(SolutionConfigurationPlatforms) = preSolution
		Debug|Any CPU = Debug|Any CPU
		Debug|x64 = Debug|x64
		Debug|x86 = Debug|x86
		Release|Any CPU = Release|Any CPU
		Release|x64 = Release|x64
		Release|x86 = Release|x86
	EndGlobalSection
	GlobalSection(ProjectConfigurationPlatforms) = postSolution
		{5BA23481-1056-4807-B048-5BF09EDDC1E3}.Debug|Any CPU.ActiveCfg = Debug|Any CPU
		{5BA23481-1056-4807-B048-5BF09EDDC1E3}.Debug|Any CPU.Build.0 = Debug|Any CPU
		{5BA23481-1056-4807-B048-5BF09EDDC1E3}.Debug|x64.ActiveCfg = Debug|Any CPU
		{5BA23481-1056-4807-B048-5BF09EDDC1E3}.Debug|x64.Build.0 = Debug|Any CPU
		{5BA23481-1056-4807-B048-5BF09EDDC1E3}.Debug|x86.ActiveCfg = Debug|Any CPU
		{5BA23481-1056-4807-B048-5BF09EDDC1E3}.Debug|x86.Build.0 = Debug|Any CPU
		{5BA23481-1056-4807-B048-5BF09EDDC1E3}.Release|Any CPU.ActiveCfg = Release|Any CPU
		{5BA23481-1056-4807-B048-5BF09EDDC1E3}.Release|Any CPU.Build.0 = Release|Any CPU
		{5BA23481-1056-4807-B048-5BF09EDDC1E3}.Release|x64.ActiveCfg = Release|Any CPU
		{5BA23481-1056-4807-B048-5BF09EDDC1E3}.Release|x64.Build.0 = Release|Any CPU
		{5BA23481-1056-4807-B048-5BF09EDDC1E3}.Release|x86.ActiveCfg = Release|Any CPU
		{5BA23481-1056-4807-B048-5BF09EDDC1E3}.Release|x86.Build.0 = Release|Any CPU
		{A2B7B28D-4024-4F1E-872D-6CE20DE87470}.Debug|Any CPU.ActiveCfg = Debug|Any CPU
		{A2B7B28D-4024-4F1E-872D-6CE20DE87470}.Debug|Any CPU.Build.0 = Debug|Any CPU
		{A2B7B28D-4024-4F1E-872D-6CE20DE87470}.Debug|x64.ActiveCfg = Debug|Any CPU
		{A2B7B28D-4024-4F1E-872D-6CE20DE87470}.Debug|x64.Build.0 = Debug|Any CPU
		{A2B7B28D-4024-4F1E-872D-6CE20DE87470}.Debug|x86.ActiveCfg = Debug|Any CPU
		{A2B7B28D-4024-4F1E-872D-6CE20DE87470}.Debug|x86.Build.0 = Debug|Any CPU
		{A2B7B28D-4024-4F1E-872D-6CE20DE87470}.Release|Any CPU.ActiveCfg = Release|Any CPU
		{A2B7B28D-4024-4F1E-872D-6CE20DE87470}.Release|Any CPU.Build.0 = Release|Any CPU
		{A2B7B28D-4024-4F1E-872D-6CE20DE87470}.Release|x64.ActiveCfg = Release|Any CPU
		{A2B7B28D-4024-4F1E-872D-6CE20DE87470}.Release|x64.Build.0 = Release|Any CPU
		{A2B7B28D-4024-4F1E-872D-6CE20DE87470}.Release|x86.ActiveCfg = Release|Any CPU
		{A2B7B28D-4024-4F1E-872D-6CE20DE87470}.Release|x86.Build.0 = Release|Any CPU
		{61CB50A4-337F-4998-BB87-91F308A92475}.Debug|Any CPU.ActiveCfg = Debug|Any CPU
		{61CB50A4-337F-4998-BB87-91F308A92475}.Debug|Any CPU.Build.0 = Debug|Any CPU
		{61CB50A4-337F-4998-BB87-91F308A92475}.Debug|x64.ActiveCfg = Debug|Any CPU
		{61CB50A4-337F-4998-BB87-91F308A92475}.Debug|x64.Build.0 = Debug|Any CPU
		{61CB50A4-337F-4998-BB87-91F308A92475}.Debug|x86.ActiveCfg = Debug|Any CPU
		{61CB50A4-337F-4998-BB87-91F308A92475}.Debug|x86.Build.0 = Debug|Any CPU
		{61CB50A4-337F-4998-BB87-91F308A92475}.Release|Any CPU.ActiveCfg = Release|Any CPU
		{61CB50A4-337F-4998-BB87-91F308A92475}.Release|Any CPU.Build.0 = Release|Any CPU
		{61CB50A4-337F-4998-BB87-91F308A92475}.Release|x64.ActiveCfg = Release|Any CPU
		{61CB50A4-337F-4998-BB87-91F308A92475}.Release|x64.Build.0 = Release|Any CPU
		{61CB50A4-337F-4998-BB87-91F308A92475}.Release|x86.ActiveCfg = Release|Any CPU
		{61CB50A4-337F-4998-BB87-91F308A92475}.Release|x86.Build.0 = Release|Any CPU
		{773E5E85-CA09-4408-AF26-ED9C3344F9B3}.Debug|Any CPU.ActiveCfg = Debug|Any CPU
		{773E5E85-CA09-4408-AF26-ED9C3344F9B3}.Debug|Any CPU.Build.0 = Debug|Any CPU
		{773E5E85-CA09-4408-AF26-ED9C3344F9B3}.Debug|x64.ActiveCfg = Debug|Any CPU
		{773E5E85-CA09-4408-AF26-ED9C3344F9B3}.Debug|x64.Build.0 = Debug|Any CPU
		{773E5E85-CA09-4408-AF26-ED9C3344F9B3}.Debug|x86.ActiveCfg = Debug|Any CPU
		{773E5E85-CA09-4408-AF26-ED9C3344F9B3}.Debug|x86.Build.0 = Debug|Any CPU
		{773E5E85-CA09-4408-AF26-ED9C3344F9B3}.Release|Any CPU.ActiveCfg = Release|Any CPU
		{773E5E85-CA09-4408-AF26-ED9C3344F9B3}.Release|Any CPU.Build.0 = Release|Any CPU
		{773E5E85-CA09-4408-AF26-ED9C3344F9B3}.Release|x64.ActiveCfg = Release|Any CPU
		{773E5E85-CA09-4408-AF26-ED9C3344F9B3}.Release|x64.Build.0 = Release|Any CPU
		{773E5E85-CA09-4408-AF26-ED9C3344F9B3}.Release|x86.ActiveCfg = Release|Any CPU
		{773E5E85-CA09-4408-AF26-ED9C3344F9B3}.Release|x86.Build.0 = Release|Any CPU
		{2C1950E2-2D15-4C24-87C8-573BA7725332}.Debug|Any CPU.ActiveCfg = Debug|Any CPU
		{2C1950E2-2D15-4C24-87C8-573BA7725332}.Debug|Any CPU.Build.0 = Debug|Any CPU
		{2C1950E2-2D15-4C24-87C8-573BA7725332}.Debug|x64.ActiveCfg = Debug|Any CPU
		{2C1950E2-2D15-4C24-87C8-573BA7725332}.Debug|x64.Build.0 = Debug|Any CPU
		{2C1950E2-2D15-4C24-87C8-573BA7725332}.Debug|x86.ActiveCfg = Debug|Any CPU
		{2C1950E2-2D15-4C24-87C8-573BA7725332}.Debug|x86.Build.0 = Debug|Any CPU
		{2C1950E2-2D15-4C24-87C8-573BA7725332}.Release|Any CPU.ActiveCfg = Release|Any CPU
		{2C1950E2-2D15-4C24-87C8-573BA7725332}.Release|Any CPU.Build.0 = Release|Any CPU
		{2C1950E2-2D15-4C24-87C8-573BA7725332}.Release|x64.ActiveCfg = Release|Any CPU
		{2C1950E2-2D15-4C24-87C8-573BA7725332}.Release|x64.Build.0 = Release|Any CPU
		{2C1950E2-2D15-4C24-87C8-573BA7725332}.Release|x86.ActiveCfg = Release|Any CPU
		{2C1950E2-2D15-4C24-87C8-573BA7725332}.Release|x86.Build.0 = Release|Any CPU
		{C97096B8-9965-48CB-99DA-AAD9215FB1B2}.Debug|Any CPU.ActiveCfg = Debug|Any CPU
		{C97096B8-9965-48CB-99DA-AAD9215FB1B2}.Debug|Any CPU.Build.0 = Debug|Any CPU
		{C97096B8-9965-48CB-99DA-AAD9215FB1B2}.Debug|x64.ActiveCfg = Debug|Any CPU
		{C97096B8-9965-48CB-99DA-AAD9215FB1B2}.Debug|x64.Build.0 = Debug|Any CPU
		{C97096B8-9965-48CB-99DA-AAD9215FB1B2}.Debug|x86.ActiveCfg = Debug|Any CPU
		{C97096B8-9965-48CB-99DA-AAD9215FB1B2}.Debug|x86.Build.0 = Debug|Any CPU
		{C97096B8-9965-48CB-99DA-AAD9215FB1B2}.Release|Any CPU.ActiveCfg = Release|Any CPU
		{C97096B8-9965-48CB-99DA-AAD9215FB1B2}.Release|Any CPU.Build.0 = Release|Any CPU
		{C97096B8-9965-48CB-99DA-AAD9215FB1B2}.Release|x64.ActiveCfg = Release|Any CPU
		{C97096B8-9965-48CB-99DA-AAD9215FB1B2}.Release|x64.Build.0 = Release|Any CPU
		{C97096B8-9965-48CB-99DA-AAD9215FB1B2}.Release|x86.ActiveCfg = Release|Any CPU
		{C97096B8-9965-48CB-99DA-AAD9215FB1B2}.Release|x86.Build.0 = Release|Any CPU
		{5FD92EB9-665F-4155-9FE0-6FD3ADFBD121}.Debug|Any CPU.ActiveCfg = Debug|Any CPU
		{5FD92EB9-665F-4155-9FE0-6FD3ADFBD121}.Debug|Any CPU.Build.0 = Debug|Any CPU
		{5FD92EB9-665F-4155-9FE0-6FD3ADFBD121}.Debug|x64.ActiveCfg = Debug|Any CPU
		{5FD92EB9-665F-4155-9FE0-6FD3ADFBD121}.Debug|x64.Build.0 = Debug|Any CPU
		{5FD92EB9-665F-4155-9FE0-6FD3ADFBD121}.Debug|x86.ActiveCfg = Debug|Any CPU
		{5FD92EB9-665F-4155-9FE0-6FD3ADFBD121}.Debug|x86.Build.0 = Debug|Any CPU
		{5FD92EB9-665F-4155-9FE0-6FD3ADFBD121}.Release|Any CPU.ActiveCfg = Release|Any CPU
		{5FD92EB9-665F-4155-9FE0-6FD3ADFBD121}.Release|Any CPU.Build.0 = Release|Any CPU
		{5FD92EB9-665F-4155-9FE0-6FD3ADFBD121}.Release|x64.ActiveCfg = Release|Any CPU
		{5FD92EB9-665F-4155-9FE0-6FD3ADFBD121}.Release|x64.Build.0 = Release|Any CPU
		{5FD92EB9-665F-4155-9FE0-6FD3ADFBD121}.Release|x86.ActiveCfg = Release|Any CPU
		{5FD92EB9-665F-4155-9FE0-6FD3ADFBD121}.Release|x86.Build.0 = Release|Any CPU
		{53B3753D-F3CD-4B7D-B49E-CCD1ECB1D932}.Debug|Any CPU.ActiveCfg = Debug|Any CPU
		{53B3753D-F3CD-4B7D-B49E-CCD1ECB1D932}.Debug|Any CPU.Build.0 = Debug|Any CPU
		{53B3753D-F3CD-4B7D-B49E-CCD1ECB1D932}.Debug|x64.ActiveCfg = Debug|Any CPU
		{53B3753D-F3CD-4B7D-B49E-CCD1ECB1D932}.Debug|x64.Build.0 = Debug|Any CPU
		{53B3753D-F3CD-4B7D-B49E-CCD1ECB1D932}.Debug|x86.ActiveCfg = Debug|Any CPU
		{53B3753D-F3CD-4B7D-B49E-CCD1ECB1D932}.Debug|x86.Build.0 = Debug|Any CPU
		{53B3753D-F3CD-4B7D-B49E-CCD1ECB1D932}.Release|Any CPU.ActiveCfg = Release|Any CPU
		{53B3753D-F3CD-4B7D-B49E-CCD1ECB1D932}.Release|Any CPU.Build.0 = Release|Any CPU
		{53B3753D-F3CD-4B7D-B49E-CCD1ECB1D932}.Release|x64.ActiveCfg = Release|Any CPU
		{53B3753D-F3CD-4B7D-B49E-CCD1ECB1D932}.Release|x64.Build.0 = Release|Any CPU
		{53B3753D-F3CD-4B7D-B49E-CCD1ECB1D932}.Release|x86.ActiveCfg = Release|Any CPU
		{53B3753D-F3CD-4B7D-B49E-CCD1ECB1D932}.Release|x86.Build.0 = Release|Any CPU
	EndGlobalSection
	GlobalSection(SolutionProperties) = preSolution
		HideSolutionNode = FALSE
	EndGlobalSection
	GlobalSection(NestedProjects) = preSolution
		{5BA23481-1056-4807-B048-5BF09EDDC1E3} = {827E0CD3-B72D-47B6-A68D-7590B98EB39B}
		{A2B7B28D-4024-4F1E-872D-6CE20DE87470} = {827E0CD3-B72D-47B6-A68D-7590B98EB39B}
		{61CB50A4-337F-4998-BB87-91F308A92475} = {827E0CD3-B72D-47B6-A68D-7590B98EB39B}
		{773E5E85-CA09-4408-AF26-ED9C3344F9B3} = {827E0CD3-B72D-47B6-A68D-7590B98EB39B}
		{2C1950E2-2D15-4C24-87C8-573BA7725332} = {827E0CD3-B72D-47B6-A68D-7590B98EB39B}
		{C97096B8-9965-48CB-99DA-AAD9215FB1B2} = {827E0CD3-B72D-47B6-A68D-7590B98EB39B}
		{5FD92EB9-665F-4155-9FE0-6FD3ADFBD121} = {0AB3BF05-4346-4AA6-1389-037BE0695223}
		{53B3753D-F3CD-4B7D-B49E-CCD1ECB1D932} = {0AB3BF05-4346-4AA6-1389-037BE0695223}
	EndGlobalSection
EndGlobal
